
Microsoft Visual Studio Solution File, Format Version 12.00
# Visual Studio Version 17
VisualStudioVersion = 17.5.33414.496
MinimumVisualStudioVersion = 10.0.40219.1
Project("{D954291E-2A0B-460D-934E-DC6B0785DB48}") = "Confooxars.Shared", "Confooxars\Confooxars.Shared\Confooxars.Shared.shproj", "{6279C845-92F8-4333-AB99-3D213163593C}"
EndProject
Project("{2150E333-8FDC-42A3-9474-1A3956D46DE8}") = "Platforms", "Platforms", "{64953723-9CAE-46C0-A0E1-0E0D8A6FB069}"
EndProject
Project("{FAE04EC0-301F-11D3-BF4B-00C04F79EFBC}") = "Confooxars.Droid", "Confooxars\Confooxars.Droid\Confooxars.Droid.csproj", "{634CF086-0E5B-4711-A4A7-EB79FF3F8BDC}"
EndProject
Project("{FAE04EC0-301F-11D3-BF4B-00C04F79EFBC}") = "Confooxars.iOS", "Confooxars\Confooxars.iOS\Confooxars.iOS.csproj", "{3AF3C52B-8DE8-4A2D-AE29-208FE622D549}"
EndProject
Project("{FAE04EC0-301F-11D3-BF4B-00C04F79EFBC}") = "Confooxars.UWP", "Confooxars\Confooxars.UWP\Confooxars.UWP.csproj", "{7C9D9602-F8BC-46EF-A60D-2144AF5E8CF0}"
EndProject
Project("{FAE04EC0-301F-11D3-BF4B-00C04F79EFBC}") = "Confooxars.Wasm", "Confooxars\Confooxars.Wasm\Confooxars.Wasm.csproj", "{561A4F46-E885-405B-A838-D67F244F23DC}"
EndProject
Project("{FAE04EC0-301F-11D3-BF4B-00C04F79EFBC}") = "Confooxars.macOS", "Confooxars\Confooxars.macOS\Confooxars.macOS.csproj", "{2BC1E3CC-D88A-44BB-8BA4-45BB9D9131C2}"
EndProject
Project("{FAE04EC0-301F-11D3-BF4B-00C04F79EFBC}") = "Confooxars.Skia.Wpf.Host", "Confooxars\Confooxars.Skia.Wpf.Host\Confooxars.Skia.Wpf.Host.csproj", "{3780362B-4E72-4B38-BB01-E51D0C511DF7}"
EndProject
Project("{FAE04EC0-301F-11D3-BF4B-00C04F79EFBC}") = "Confooxars.Skia.Wpf", "Confooxars\Confooxars.Skia.Wpf\Confooxars.Skia.Wpf.csproj", "{6D67DCA7-94AC-435F-AE3C-DE02535B0503}"
EndProject
Project("{FAE04EC0-301F-11D3-BF4B-00C04F79EFBC}") = "Confooxars.Skia.Gtk", "Confooxars\Confooxars.Skia.Gtk\Confooxars.Skia.Gtk.csproj", "{E793E8FA-7A36-47A3-8C21-DCEDB5035A74}"
EndProject
Project("{FAE04EC0-301F-11D3-BF4B-00C04F79EFBC}") = "Confooxars.Skia.Tizen", "Confooxars\Confooxars.Skia.Tizen\Confooxars.Skia.Tizen.csproj", "{D16B59B7-1CF5-43F4-99FD-0C8AE6E31C5D}"
EndProject
Global
	GlobalSection(SolutionConfigurationPlatforms) = preSolution
		Ad-Hoc|Any CPU = Ad-Hoc|Any CPU
		Ad-Hoc|ARM = Ad-Hoc|ARM
		Ad-Hoc|ARM64 = Ad-Hoc|ARM64
		Ad-Hoc|iPhone = Ad-Hoc|iPhone
		Ad-Hoc|iPhoneSimulator = Ad-Hoc|iPhoneSimulator
		Ad-Hoc|x64 = Ad-Hoc|x64
		Ad-Hoc|x86 = Ad-Hoc|x86
		AppStore|Any CPU = AppStore|Any CPU
		AppStore|ARM = AppStore|ARM
		AppStore|ARM64 = AppStore|ARM64
		AppStore|iPhone = AppStore|iPhone
		AppStore|iPhoneSimulator = AppStore|iPhoneSimulator
		AppStore|x64 = AppStore|x64
		AppStore|x86 = AppStore|x86
		Debug|Any CPU = Debug|Any CPU
		Debug|ARM = Debug|ARM
		Debug|ARM64 = Debug|ARM64
		Debug|iPhone = Debug|iPhone
		Debug|iPhoneSimulator = Debug|iPhoneSimulator
		Debug|x64 = Debug|x64
		Debug|x86 = Debug|x86
		Release|Any CPU = Release|Any CPU
		Release|ARM = Release|ARM
		Release|ARM64 = Release|ARM64
		Release|iPhone = Release|iPhone
		Release|iPhoneSimulator = Release|iPhoneSimulator
		Release|x64 = Release|x64
		Release|x86 = Release|x86
	EndGlobalSection
	GlobalSection(ProjectConfigurationPlatforms) = postSolution
		{634CF086-0E5B-4711-A4A7-EB79FF3F8BDC}.Ad-Hoc|Any CPU.ActiveCfg = Debug|Any CPU
		{634CF086-0E5B-4711-A4A7-EB79FF3F8BDC}.Ad-Hoc|Any CPU.Build.0 = Debug|Any CPU
		{634CF086-0E5B-4711-A4A7-EB79FF3F8BDC}.Ad-Hoc|Any CPU.Deploy.0 = Debug|Any CPU
		{634CF086-0E5B-4711-A4A7-EB79FF3F8BDC}.Ad-Hoc|ARM.ActiveCfg = Debug|Any CPU
		{634CF086-0E5B-4711-A4A7-EB79FF3F8BDC}.Ad-Hoc|ARM.Build.0 = Debug|Any CPU
		{634CF086-0E5B-4711-A4A7-EB79FF3F8BDC}.Ad-Hoc|ARM.Deploy.0 = Debug|Any CPU
		{634CF086-0E5B-4711-A4A7-EB79FF3F8BDC}.Ad-Hoc|ARM64.ActiveCfg = Debug|Any CPU
		{634CF086-0E5B-4711-A4A7-EB79FF3F8BDC}.Ad-Hoc|ARM64.Build.0 = Debug|Any CPU
		{634CF086-0E5B-4711-A4A7-EB79FF3F8BDC}.Ad-Hoc|ARM64.Deploy.0 = Debug|Any CPU
		{634CF086-0E5B-4711-A4A7-EB79FF3F8BDC}.Ad-Hoc|iPhone.ActiveCfg = Debug|Any CPU
		{634CF086-0E5B-4711-A4A7-EB79FF3F8BDC}.Ad-Hoc|iPhone.Build.0 = Debug|Any CPU
		{634CF086-0E5B-4711-A4A7-EB79FF3F8BDC}.Ad-Hoc|iPhone.Deploy.0 = Debug|Any CPU
		{634CF086-0E5B-4711-A4A7-EB79FF3F8BDC}.Ad-Hoc|iPhoneSimulator.ActiveCfg = Debug|Any CPU
		{634CF086-0E5B-4711-A4A7-EB79FF3F8BDC}.Ad-Hoc|iPhoneSimulator.Build.0 = Debug|Any CPU
		{634CF086-0E5B-4711-A4A7-EB79FF3F8BDC}.Ad-Hoc|iPhoneSimulator.Deploy.0 = Debug|Any CPU
		{634CF086-0E5B-4711-A4A7-EB79FF3F8BDC}.Ad-Hoc|x64.ActiveCfg = Debug|Any CPU
		{634CF086-0E5B-4711-A4A7-EB79FF3F8BDC}.Ad-Hoc|x64.Build.0 = Debug|Any CPU
		{634CF086-0E5B-4711-A4A7-EB79FF3F8BDC}.Ad-Hoc|x64.Deploy.0 = Debug|Any CPU
		{634CF086-0E5B-4711-A4A7-EB79FF3F8BDC}.Ad-Hoc|x86.ActiveCfg = Debug|Any CPU
		{634CF086-0E5B-4711-A4A7-EB79FF3F8BDC}.Ad-Hoc|x86.Build.0 = Debug|Any CPU
		{634CF086-0E5B-4711-A4A7-EB79FF3F8BDC}.Ad-Hoc|x86.Deploy.0 = Debug|Any CPU
		{634CF086-0E5B-4711-A4A7-EB79FF3F8BDC}.AppStore|Any CPU.ActiveCfg = Debug|Any CPU
		{634CF086-0E5B-4711-A4A7-EB79FF3F8BDC}.AppStore|Any CPU.Build.0 = Debug|Any CPU
		{634CF086-0E5B-4711-A4A7-EB79FF3F8BDC}.AppStore|Any CPU.Deploy.0 = Debug|Any CPU
		{634CF086-0E5B-4711-A4A7-EB79FF3F8BDC}.AppStore|ARM.ActiveCfg = Debug|Any CPU
		{634CF086-0E5B-4711-A4A7-EB79FF3F8BDC}.AppStore|ARM.Build.0 = Debug|Any CPU
		{634CF086-0E5B-4711-A4A7-EB79FF3F8BDC}.AppStore|ARM.Deploy.0 = Debug|Any CPU
		{634CF086-0E5B-4711-A4A7-EB79FF3F8BDC}.AppStore|ARM64.ActiveCfg = Debug|Any CPU
		{634CF086-0E5B-4711-A4A7-EB79FF3F8BDC}.AppStore|ARM64.Build.0 = Debug|Any CPU
		{634CF086-0E5B-4711-A4A7-EB79FF3F8BDC}.AppStore|ARM64.Deploy.0 = Debug|Any CPU
		{634CF086-0E5B-4711-A4A7-EB79FF3F8BDC}.AppStore|iPhone.ActiveCfg = Debug|Any CPU
		{634CF086-0E5B-4711-A4A7-EB79FF3F8BDC}.AppStore|iPhone.Build.0 = Debug|Any CPU
		{634CF086-0E5B-4711-A4A7-EB79FF3F8BDC}.AppStore|iPhone.Deploy.0 = Debug|Any CPU
		{634CF086-0E5B-4711-A4A7-EB79FF3F8BDC}.AppStore|iPhoneSimulator.ActiveCfg = Debug|Any CPU
		{634CF086-0E5B-4711-A4A7-EB79FF3F8BDC}.AppStore|iPhoneSimulator.Build.0 = Debug|Any CPU
		{634CF086-0E5B-4711-A4A7-EB79FF3F8BDC}.AppStore|iPhoneSimulator.Deploy.0 = Debug|Any CPU
		{634CF086-0E5B-4711-A4A7-EB79FF3F8BDC}.AppStore|x64.ActiveCfg = Debug|Any CPU
		{634CF086-0E5B-4711-A4A7-EB79FF3F8BDC}.AppStore|x64.Build.0 = Debug|Any CPU
		{634CF086-0E5B-4711-A4A7-EB79FF3F8BDC}.AppStore|x64.Deploy.0 = Debug|Any CPU
		{634CF086-0E5B-4711-A4A7-EB79FF3F8BDC}.AppStore|x86.ActiveCfg = Debug|Any CPU
		{634CF086-0E5B-4711-A4A7-EB79FF3F8BDC}.AppStore|x86.Build.0 = Debug|Any CPU
		{634CF086-0E5B-4711-A4A7-EB79FF3F8BDC}.AppStore|x86.Deploy.0 = Debug|Any CPU
		{634CF086-0E5B-4711-A4A7-EB79FF3F8BDC}.Debug|Any CPU.ActiveCfg = Debug|Any CPU
		{634CF086-0E5B-4711-A4A7-EB79FF3F8BDC}.Debug|Any CPU.Build.0 = Debug|Any CPU
		{634CF086-0E5B-4711-A4A7-EB79FF3F8BDC}.Debug|Any CPU.Deploy.0 = Debug|Any CPU
		{634CF086-0E5B-4711-A4A7-EB79FF3F8BDC}.Debug|ARM.ActiveCfg = Debug|Any CPU
		{634CF086-0E5B-4711-A4A7-EB79FF3F8BDC}.Debug|ARM.Build.0 = Debug|Any CPU
		{634CF086-0E5B-4711-A4A7-EB79FF3F8BDC}.Debug|ARM.Deploy.0 = Debug|Any CPU
		{634CF086-0E5B-4711-A4A7-EB79FF3F8BDC}.Debug|ARM64.ActiveCfg = Debug|Any CPU
		{634CF086-0E5B-4711-A4A7-EB79FF3F8BDC}.Debug|ARM64.Build.0 = Debug|Any CPU
		{634CF086-0E5B-4711-A4A7-EB79FF3F8BDC}.Debug|ARM64.Deploy.0 = Debug|Any CPU
		{634CF086-0E5B-4711-A4A7-EB79FF3F8BDC}.Debug|iPhone.ActiveCfg = Debug|Any CPU
		{634CF086-0E5B-4711-A4A7-EB79FF3F8BDC}.Debug|iPhone.Build.0 = Debug|Any CPU
		{634CF086-0E5B-4711-A4A7-EB79FF3F8BDC}.Debug|iPhone.Deploy.0 = Debug|Any CPU
		{634CF086-0E5B-4711-A4A7-EB79FF3F8BDC}.Debug|iPhoneSimulator.ActiveCfg = Debug|Any CPU
		{634CF086-0E5B-4711-A4A7-EB79FF3F8BDC}.Debug|iPhoneSimulator.Build.0 = Debug|Any CPU
		{634CF086-0E5B-4711-A4A7-EB79FF3F8BDC}.Debug|iPhoneSimulator.Deploy.0 = Debug|Any CPU
		{634CF086-0E5B-4711-A4A7-EB79FF3F8BDC}.Debug|x64.ActiveCfg = Debug|Any CPU
		{634CF086-0E5B-4711-A4A7-EB79FF3F8BDC}.Debug|x64.Build.0 = Debug|Any CPU
		{634CF086-0E5B-4711-A4A7-EB79FF3F8BDC}.Debug|x64.Deploy.0 = Debug|Any CPU
		{634CF086-0E5B-4711-A4A7-EB79FF3F8BDC}.Debug|x86.ActiveCfg = Debug|Any CPU
		{634CF086-0E5B-4711-A4A7-EB79FF3F8BDC}.Debug|x86.Build.0 = Debug|Any CPU
		{634CF086-0E5B-4711-A4A7-EB79FF3F8BDC}.Debug|x86.Deploy.0 = Debug|Any CPU
		{634CF086-0E5B-4711-A4A7-EB79FF3F8BDC}.Release|Any CPU.ActiveCfg = Release|Any CPU
		{634CF086-0E5B-4711-A4A7-EB79FF3F8BDC}.Release|Any CPU.Build.0 = Release|Any CPU
		{634CF086-0E5B-4711-A4A7-EB79FF3F8BDC}.Release|Any CPU.Deploy.0 = Release|Any CPU
		{634CF086-0E5B-4711-A4A7-EB79FF3F8BDC}.Release|ARM.ActiveCfg = Release|Any CPU
		{634CF086-0E5B-4711-A4A7-EB79FF3F8BDC}.Release|ARM.Build.0 = Release|Any CPU
		{634CF086-0E5B-4711-A4A7-EB79FF3F8BDC}.Release|ARM.Deploy.0 = Release|Any CPU
		{634CF086-0E5B-4711-A4A7-EB79FF3F8BDC}.Release|ARM64.ActiveCfg = Release|Any CPU
		{634CF086-0E5B-4711-A4A7-EB79FF3F8BDC}.Release|ARM64.Build.0 = Release|Any CPU
		{634CF086-0E5B-4711-A4A7-EB79FF3F8BDC}.Release|ARM64.Deploy.0 = Release|Any CPU
		{634CF086-0E5B-4711-A4A7-EB79FF3F8BDC}.Release|iPhone.ActiveCfg = Release|Any CPU
		{634CF086-0E5B-4711-A4A7-EB79FF3F8BDC}.Release|iPhone.Build.0 = Release|Any CPU
		{634CF086-0E5B-4711-A4A7-EB79FF3F8BDC}.Release|iPhone.Deploy.0 = Release|Any CPU
		{634CF086-0E5B-4711-A4A7-EB79FF3F8BDC}.Release|iPhoneSimulator.ActiveCfg = Release|Any CPU
		{634CF086-0E5B-4711-A4A7-EB79FF3F8BDC}.Release|iPhoneSimulator.Build.0 = Release|Any CPU
		{634CF086-0E5B-4711-A4A7-EB79FF3F8BDC}.Release|iPhoneSimulator.Deploy.0 = Release|Any CPU
		{634CF086-0E5B-4711-A4A7-EB79FF3F8BDC}.Release|x64.ActiveCfg = Release|Any CPU
		{634CF086-0E5B-4711-A4A7-EB79FF3F8BDC}.Release|x64.Build.0 = Release|Any CPU
		{634CF086-0E5B-4711-A4A7-EB79FF3F8BDC}.Release|x64.Deploy.0 = Release|Any CPU
		{634CF086-0E5B-4711-A4A7-EB79FF3F8BDC}.Release|x86.ActiveCfg = Release|Any CPU
		{634CF086-0E5B-4711-A4A7-EB79FF3F8BDC}.Release|x86.Build.0 = Release|Any CPU
		{634CF086-0E5B-4711-A4A7-EB79FF3F8BDC}.Release|x86.Deploy.0 = Release|Any CPU
		{3AF3C52B-8DE8-4A2D-AE29-208FE622D549}.Ad-Hoc|Any CPU.ActiveCfg = Ad-Hoc|iPhoneSimulator
		{3AF3C52B-8DE8-4A2D-AE29-208FE622D549}.Ad-Hoc|Any CPU.Build.0 = Ad-Hoc|iPhoneSimulator
		{3AF3C52B-8DE8-4A2D-AE29-208FE622D549}.Ad-Hoc|ARM.ActiveCfg = Ad-Hoc|iPhoneSimulator
		{3AF3C52B-8DE8-4A2D-AE29-208FE622D549}.Ad-Hoc|ARM.Build.0 = Ad-Hoc|iPhoneSimulator
		{3AF3C52B-8DE8-4A2D-AE29-208FE622D549}.Ad-Hoc|ARM64.ActiveCfg = Ad-Hoc|iPhoneSimulator
		{3AF3C52B-8DE8-4A2D-AE29-208FE622D549}.Ad-Hoc|ARM64.Build.0 = Ad-Hoc|iPhoneSimulator
		{3AF3C52B-8DE8-4A2D-AE29-208FE622D549}.Ad-Hoc|iPhone.ActiveCfg = Ad-Hoc|iPhone
		{3AF3C52B-8DE8-4A2D-AE29-208FE622D549}.Ad-Hoc|iPhone.Build.0 = Ad-Hoc|iPhone
		{3AF3C52B-8DE8-4A2D-AE29-208FE622D549}.Ad-Hoc|iPhoneSimulator.ActiveCfg = Ad-Hoc|iPhoneSimulator
		{3AF3C52B-8DE8-4A2D-AE29-208FE622D549}.Ad-Hoc|iPhoneSimulator.Build.0 = Ad-Hoc|iPhoneSimulator
		{3AF3C52B-8DE8-4A2D-AE29-208FE622D549}.Ad-Hoc|x64.ActiveCfg = Ad-Hoc|iPhoneSimulator
		{3AF3C52B-8DE8-4A2D-AE29-208FE622D549}.Ad-Hoc|x64.Build.0 = Ad-Hoc|iPhoneSimulator
		{3AF3C52B-8DE8-4A2D-AE29-208FE622D549}.Ad-Hoc|x86.ActiveCfg = Ad-Hoc|iPhoneSimulator
		{3AF3C52B-8DE8-4A2D-AE29-208FE622D549}.Ad-Hoc|x86.Build.0 = Ad-Hoc|iPhoneSimulator
		{3AF3C52B-8DE8-4A2D-AE29-208FE622D549}.AppStore|Any CPU.ActiveCfg = AppStore|iPhoneSimulator
		{3AF3C52B-8DE8-4A2D-AE29-208FE622D549}.AppStore|Any CPU.Build.0 = AppStore|iPhoneSimulator
		{3AF3C52B-8DE8-4A2D-AE29-208FE622D549}.AppStore|ARM.ActiveCfg = AppStore|iPhoneSimulator
		{3AF3C52B-8DE8-4A2D-AE29-208FE622D549}.AppStore|ARM.Build.0 = AppStore|iPhoneSimulator
		{3AF3C52B-8DE8-4A2D-AE29-208FE622D549}.AppStore|ARM64.ActiveCfg = AppStore|iPhoneSimulator
		{3AF3C52B-8DE8-4A2D-AE29-208FE622D549}.AppStore|ARM64.Build.0 = AppStore|iPhoneSimulator
		{3AF3C52B-8DE8-4A2D-AE29-208FE622D549}.AppStore|iPhone.ActiveCfg = AppStore|iPhone
		{3AF3C52B-8DE8-4A2D-AE29-208FE622D549}.AppStore|iPhone.Build.0 = AppStore|iPhone
		{3AF3C52B-8DE8-4A2D-AE29-208FE622D549}.AppStore|iPhoneSimulator.ActiveCfg = AppStore|iPhoneSimulator
		{3AF3C52B-8DE8-4A2D-AE29-208FE622D549}.AppStore|iPhoneSimulator.Build.0 = AppStore|iPhoneSimulator
		{3AF3C52B-8DE8-4A2D-AE29-208FE622D549}.AppStore|x64.ActiveCfg = AppStore|iPhoneSimulator
		{3AF3C52B-8DE8-4A2D-AE29-208FE622D549}.AppStore|x64.Build.0 = AppStore|iPhoneSimulator
		{3AF3C52B-8DE8-4A2D-AE29-208FE622D549}.AppStore|x86.ActiveCfg = AppStore|iPhoneSimulator
		{3AF3C52B-8DE8-4A2D-AE29-208FE622D549}.AppStore|x86.Build.0 = AppStore|iPhoneSimulator
		{3AF3C52B-8DE8-4A2D-AE29-208FE622D549}.Debug|Any CPU.ActiveCfg = Debug|iPhoneSimulator
		{3AF3C52B-8DE8-4A2D-AE29-208FE622D549}.Debug|Any CPU.Build.0 = Debug|iPhoneSimulator
		{3AF3C52B-8DE8-4A2D-AE29-208FE622D549}.Debug|ARM.ActiveCfg = Debug|iPhoneSimulator
		{3AF3C52B-8DE8-4A2D-AE29-208FE622D549}.Debug|ARM.Build.0 = Debug|iPhoneSimulator
		{3AF3C52B-8DE8-4A2D-AE29-208FE622D549}.Debug|ARM64.ActiveCfg = Debug|iPhoneSimulator
		{3AF3C52B-8DE8-4A2D-AE29-208FE622D549}.Debug|ARM64.Build.0 = Debug|iPhoneSimulator
		{3AF3C52B-8DE8-4A2D-AE29-208FE622D549}.Debug|iPhone.ActiveCfg = Debug|iPhone
		{3AF3C52B-8DE8-4A2D-AE29-208FE622D549}.Debug|iPhone.Build.0 = Debug|iPhone
		{3AF3C52B-8DE8-4A2D-AE29-208FE622D549}.Debug|iPhone.Deploy.0 = Debug|iPhone
		{3AF3C52B-8DE8-4A2D-AE29-208FE622D549}.Debug|iPhoneSimulator.ActiveCfg = Debug|iPhoneSimulator
		{3AF3C52B-8DE8-4A2D-AE29-208FE622D549}.Debug|iPhoneSimulator.Build.0 = Debug|iPhoneSimulator
		{3AF3C52B-8DE8-4A2D-AE29-208FE622D549}.Debug|iPhoneSimulator.Deploy.0 = Debug|iPhoneSimulator
		{3AF3C52B-8DE8-4A2D-AE29-208FE622D549}.Debug|x64.ActiveCfg = Debug|iPhoneSimulator
		{3AF3C52B-8DE8-4A2D-AE29-208FE622D549}.Debug|x64.Build.0 = Debug|iPhoneSimulator
		{3AF3C52B-8DE8-4A2D-AE29-208FE622D549}.Debug|x86.ActiveCfg = Debug|iPhoneSimulator
		{3AF3C52B-8DE8-4A2D-AE29-208FE622D549}.Debug|x86.Build.0 = Debug|iPhoneSimulator
		{3AF3C52B-8DE8-4A2D-AE29-208FE622D549}.Release|Any CPU.ActiveCfg = Release|iPhoneSimulator
		{3AF3C52B-8DE8-4A2D-AE29-208FE622D549}.Release|Any CPU.Build.0 = Release|iPhoneSimulator
		{3AF3C52B-8DE8-4A2D-AE29-208FE622D549}.Release|ARM.ActiveCfg = Release|iPhoneSimulator
		{3AF3C52B-8DE8-4A2D-AE29-208FE622D549}.Release|ARM.Build.0 = Release|iPhoneSimulator
		{3AF3C52B-8DE8-4A2D-AE29-208FE622D549}.Release|ARM64.ActiveCfg = Release|iPhoneSimulator
		{3AF3C52B-8DE8-4A2D-AE29-208FE622D549}.Release|ARM64.Build.0 = Release|iPhoneSimulator
		{3AF3C52B-8DE8-4A2D-AE29-208FE622D549}.Release|iPhone.ActiveCfg = Release|iPhone
		{3AF3C52B-8DE8-4A2D-AE29-208FE622D549}.Release|iPhone.Build.0 = Release|iPhone
		{3AF3C52B-8DE8-4A2D-AE29-208FE622D549}.Release|iPhoneSimulator.ActiveCfg = Release|iPhoneSimulator
		{3AF3C52B-8DE8-4A2D-AE29-208FE622D549}.Release|iPhoneSimulator.Build.0 = Release|iPhoneSimulator
		{3AF3C52B-8DE8-4A2D-AE29-208FE622D549}.Release|x64.ActiveCfg = Release|iPhoneSimulator
		{3AF3C52B-8DE8-4A2D-AE29-208FE622D549}.Release|x64.Build.0 = Release|iPhoneSimulator
		{3AF3C52B-8DE8-4A2D-AE29-208FE622D549}.Release|x86.ActiveCfg = Release|iPhoneSimulator
		{3AF3C52B-8DE8-4A2D-AE29-208FE622D549}.Release|x86.Build.0 = Release|iPhoneSimulator
		{7C9D9602-F8BC-46EF-A60D-2144AF5E8CF0}.Ad-Hoc|Any CPU.ActiveCfg = Debug|x64
		{7C9D9602-F8BC-46EF-A60D-2144AF5E8CF0}.Ad-Hoc|Any CPU.Build.0 = Debug|x64
		{7C9D9602-F8BC-46EF-A60D-2144AF5E8CF0}.Ad-Hoc|Any CPU.Deploy.0 = Debug|x64
		{7C9D9602-F8BC-46EF-A60D-2144AF5E8CF0}.Ad-Hoc|ARM.ActiveCfg = Debug|ARM
		{7C9D9602-F8BC-46EF-A60D-2144AF5E8CF0}.Ad-Hoc|ARM.Build.0 = Debug|ARM
		{7C9D9602-F8BC-46EF-A60D-2144AF5E8CF0}.Ad-Hoc|ARM.Deploy.0 = Debug|ARM
		{7C9D9602-F8BC-46EF-A60D-2144AF5E8CF0}.Ad-Hoc|ARM64.ActiveCfg = Debug|ARM64
		{7C9D9602-F8BC-46EF-A60D-2144AF5E8CF0}.Ad-Hoc|ARM64.Build.0 = Debug|ARM64
		{7C9D9602-F8BC-46EF-A60D-2144AF5E8CF0}.Ad-Hoc|ARM64.Deploy.0 = Debug|ARM64
		{7C9D9602-F8BC-46EF-A60D-2144AF5E8CF0}.Ad-Hoc|iPhone.ActiveCfg = Debug|x64
		{7C9D9602-F8BC-46EF-A60D-2144AF5E8CF0}.Ad-Hoc|iPhone.Build.0 = Debug|x64
		{7C9D9602-F8BC-46EF-A60D-2144AF5E8CF0}.Ad-Hoc|iPhone.Deploy.0 = Debug|x64
		{7C9D9602-F8BC-46EF-A60D-2144AF5E8CF0}.Ad-Hoc|iPhoneSimulator.ActiveCfg = Debug|x64
		{7C9D9602-F8BC-46EF-A60D-2144AF5E8CF0}.Ad-Hoc|iPhoneSimulator.Build.0 = Debug|x64
		{7C9D9602-F8BC-46EF-A60D-2144AF5E8CF0}.Ad-Hoc|iPhoneSimulator.Deploy.0 = Debug|x64
		{7C9D9602-F8BC-46EF-A60D-2144AF5E8CF0}.Ad-Hoc|x64.ActiveCfg = Debug|x64
		{7C9D9602-F8BC-46EF-A60D-2144AF5E8CF0}.Ad-Hoc|x64.Build.0 = Debug|x64
		{7C9D9602-F8BC-46EF-A60D-2144AF5E8CF0}.Ad-Hoc|x64.Deploy.0 = Debug|x64
		{7C9D9602-F8BC-46EF-A60D-2144AF5E8CF0}.Ad-Hoc|x86.ActiveCfg = Debug|x86
		{7C9D9602-F8BC-46EF-A60D-2144AF5E8CF0}.Ad-Hoc|x86.Build.0 = Debug|x86
		{7C9D9602-F8BC-46EF-A60D-2144AF5E8CF0}.Ad-Hoc|x86.Deploy.0 = Debug|x86
		{7C9D9602-F8BC-46EF-A60D-2144AF5E8CF0}.AppStore|Any CPU.ActiveCfg = Debug|x64
		{7C9D9602-F8BC-46EF-A60D-2144AF5E8CF0}.AppStore|Any CPU.Build.0 = Debug|x64
		{7C9D9602-F8BC-46EF-A60D-2144AF5E8CF0}.AppStore|Any CPU.Deploy.0 = Debug|x64
		{7C9D9602-F8BC-46EF-A60D-2144AF5E8CF0}.AppStore|ARM.ActiveCfg = Debug|ARM
		{7C9D9602-F8BC-46EF-A60D-2144AF5E8CF0}.AppStore|ARM.Build.0 = Debug|ARM
		{7C9D9602-F8BC-46EF-A60D-2144AF5E8CF0}.AppStore|ARM.Deploy.0 = Debug|ARM
		{7C9D9602-F8BC-46EF-A60D-2144AF5E8CF0}.AppStore|ARM64.ActiveCfg = Debug|ARM64
		{7C9D9602-F8BC-46EF-A60D-2144AF5E8CF0}.AppStore|ARM64.Build.0 = Debug|ARM64
		{7C9D9602-F8BC-46EF-A60D-2144AF5E8CF0}.AppStore|ARM64.Deploy.0 = Debug|ARM64
		{7C9D9602-F8BC-46EF-A60D-2144AF5E8CF0}.AppStore|iPhone.ActiveCfg = Debug|x64
		{7C9D9602-F8BC-46EF-A60D-2144AF5E8CF0}.AppStore|iPhone.Build.0 = Debug|x64
		{7C9D9602-F8BC-46EF-A60D-2144AF5E8CF0}.AppStore|iPhone.Deploy.0 = Debug|x64
		{7C9D9602-F8BC-46EF-A60D-2144AF5E8CF0}.AppStore|iPhoneSimulator.ActiveCfg = Debug|x64
		{7C9D9602-F8BC-46EF-A60D-2144AF5E8CF0}.AppStore|iPhoneSimulator.Build.0 = Debug|x64
		{7C9D9602-F8BC-46EF-A60D-2144AF5E8CF0}.AppStore|iPhoneSimulator.Deploy.0 = Debug|x64
		{7C9D9602-F8BC-46EF-A60D-2144AF5E8CF0}.AppStore|x64.ActiveCfg = Debug|x64
		{7C9D9602-F8BC-46EF-A60D-2144AF5E8CF0}.AppStore|x64.Build.0 = Debug|x64
		{7C9D9602-F8BC-46EF-A60D-2144AF5E8CF0}.AppStore|x64.Deploy.0 = Debug|x64
		{7C9D9602-F8BC-46EF-A60D-2144AF5E8CF0}.AppStore|x86.ActiveCfg = Debug|x86
		{7C9D9602-F8BC-46EF-A60D-2144AF5E8CF0}.AppStore|x86.Build.0 = Debug|x86
		{7C9D9602-F8BC-46EF-A60D-2144AF5E8CF0}.AppStore|x86.Deploy.0 = Debug|x86
		{7C9D9602-F8BC-46EF-A60D-2144AF5E8CF0}.Debug|Any CPU.ActiveCfg = Debug|x64
		{7C9D9602-F8BC-46EF-A60D-2144AF5E8CF0}.Debug|Any CPU.Build.0 = Debug|x64
		{7C9D9602-F8BC-46EF-A60D-2144AF5E8CF0}.Debug|Any CPU.Deploy.0 = Debug|x64
		{7C9D9602-F8BC-46EF-A60D-2144AF5E8CF0}.Debug|ARM.ActiveCfg = Debug|ARM
		{7C9D9602-F8BC-46EF-A60D-2144AF5E8CF0}.Debug|ARM.Build.0 = Debug|ARM
		{7C9D9602-F8BC-46EF-A60D-2144AF5E8CF0}.Debug|ARM.Deploy.0 = Debug|ARM
		{7C9D9602-F8BC-46EF-A60D-2144AF5E8CF0}.Debug|ARM64.ActiveCfg = Debug|ARM64
		{7C9D9602-F8BC-46EF-A60D-2144AF5E8CF0}.Debug|ARM64.Build.0 = Debug|ARM64
		{7C9D9602-F8BC-46EF-A60D-2144AF5E8CF0}.Debug|ARM64.Deploy.0 = Debug|ARM64
		{7C9D9602-F8BC-46EF-A60D-2144AF5E8CF0}.Debug|iPhone.ActiveCfg = Debug|x64
		{7C9D9602-F8BC-46EF-A60D-2144AF5E8CF0}.Debug|iPhone.Build.0 = Debug|x64
		{7C9D9602-F8BC-46EF-A60D-2144AF5E8CF0}.Debug|iPhone.Deploy.0 = Debug|x64
		{7C9D9602-F8BC-46EF-A60D-2144AF5E8CF0}.Debug|iPhoneSimulator.ActiveCfg = Debug|x64
		{7C9D9602-F8BC-46EF-A60D-2144AF5E8CF0}.Debug|iPhoneSimulator.Build.0 = Debug|x64
		{7C9D9602-F8BC-46EF-A60D-2144AF5E8CF0}.Debug|iPhoneSimulator.Deploy.0 = Debug|x64
		{7C9D9602-F8BC-46EF-A60D-2144AF5E8CF0}.Debug|x64.ActiveCfg = Debug|x64
		{7C9D9602-F8BC-46EF-A60D-2144AF5E8CF0}.Debug|x64.Build.0 = Debug|x64
		{7C9D9602-F8BC-46EF-A60D-2144AF5E8CF0}.Debug|x64.Deploy.0 = Debug|x64
		{7C9D9602-F8BC-46EF-A60D-2144AF5E8CF0}.Debug|x86.ActiveCfg = Debug|x86
		{7C9D9602-F8BC-46EF-A60D-2144AF5E8CF0}.Debug|x86.Build.0 = Debug|x86
		{7C9D9602-F8BC-46EF-A60D-2144AF5E8CF0}.Debug|x86.Deploy.0 = Debug|x86
		{7C9D9602-F8BC-46EF-A60D-2144AF5E8CF0}.Release|Any CPU.ActiveCfg = Release|x64
		{7C9D9602-F8BC-46EF-A60D-2144AF5E8CF0}.Release|Any CPU.Build.0 = Release|x64
		{7C9D9602-F8BC-46EF-A60D-2144AF5E8CF0}.Release|Any CPU.Deploy.0 = Release|x64
		{7C9D9602-F8BC-46EF-A60D-2144AF5E8CF0}.Release|ARM.ActiveCfg = Release|ARM
		{7C9D9602-F8BC-46EF-A60D-2144AF5E8CF0}.Release|ARM.Build.0 = Release|ARM
		{7C9D9602-F8BC-46EF-A60D-2144AF5E8CF0}.Release|ARM.Deploy.0 = Release|ARM
		{7C9D9602-F8BC-46EF-A60D-2144AF5E8CF0}.Release|ARM64.ActiveCfg = Release|ARM64
		{7C9D9602-F8BC-46EF-A60D-2144AF5E8CF0}.Release|ARM64.Build.0 = Release|ARM64
		{7C9D9602-F8BC-46EF-A60D-2144AF5E8CF0}.Release|ARM64.Deploy.0 = Release|ARM64
		{7C9D9602-F8BC-46EF-A60D-2144AF5E8CF0}.Release|iPhone.ActiveCfg = Release|x64
		{7C9D9602-F8BC-46EF-A60D-2144AF5E8CF0}.Release|iPhone.Build.0 = Release|x64
		{7C9D9602-F8BC-46EF-A60D-2144AF5E8CF0}.Release|iPhone.Deploy.0 = Release|x64
		{7C9D9602-F8BC-46EF-A60D-2144AF5E8CF0}.Release|iPhoneSimulator.ActiveCfg = Release|x64
		{7C9D9602-F8BC-46EF-A60D-2144AF5E8CF0}.Release|iPhoneSimulator.Build.0 = Release|x64
		{7C9D9602-F8BC-46EF-A60D-2144AF5E8CF0}.Release|iPhoneSimulator.Deploy.0 = Release|x64
		{7C9D9602-F8BC-46EF-A60D-2144AF5E8CF0}.Release|x64.ActiveCfg = Release|x64
		{7C9D9602-F8BC-46EF-A60D-2144AF5E8CF0}.Release|x64.Build.0 = Release|x64
		{7C9D9602-F8BC-46EF-A60D-2144AF5E8CF0}.Release|x64.Deploy.0 = Release|x64
		{7C9D9602-F8BC-46EF-A60D-2144AF5E8CF0}.Release|x86.ActiveCfg = Release|x86
		{7C9D9602-F8BC-46EF-A60D-2144AF5E8CF0}.Release|x86.Build.0 = Release|x86
		{7C9D9602-F8BC-46EF-A60D-2144AF5E8CF0}.Release|x86.Deploy.0 = Release|x86
		{561A4F46-E885-405B-A838-D67F244F23DC}.Ad-Hoc|Any CPU.ActiveCfg = Debug|Any CPU
		{561A4F46-E885-405B-A838-D67F244F23DC}.Ad-Hoc|Any CPU.Build.0 = Debug|Any CPU
		{561A4F46-E885-405B-A838-D67F244F23DC}.Ad-Hoc|ARM.ActiveCfg = Debug|Any CPU
		{561A4F46-E885-405B-A838-D67F244F23DC}.Ad-Hoc|ARM.Build.0 = Debug|Any CPU
		{561A4F46-E885-405B-A838-D67F244F23DC}.Ad-Hoc|ARM64.ActiveCfg = Debug|Any CPU
		{561A4F46-E885-405B-A838-D67F244F23DC}.Ad-Hoc|ARM64.Build.0 = Debug|Any CPU
		{561A4F46-E885-405B-A838-D67F244F23DC}.Ad-Hoc|iPhone.ActiveCfg = Debug|Any CPU
		{561A4F46-E885-405B-A838-D67F244F23DC}.Ad-Hoc|iPhone.Build.0 = Debug|Any CPU
		{561A4F46-E885-405B-A838-D67F244F23DC}.Ad-Hoc|iPhoneSimulator.ActiveCfg = Debug|Any CPU
		{561A4F46-E885-405B-A838-D67F244F23DC}.Ad-Hoc|iPhoneSimulator.Build.0 = Debug|Any CPU
		{561A4F46-E885-405B-A838-D67F244F23DC}.Ad-Hoc|x64.ActiveCfg = Debug|Any CPU
		{561A4F46-E885-405B-A838-D67F244F23DC}.Ad-Hoc|x64.Build.0 = Debug|Any CPU
		{561A4F46-E885-405B-A838-D67F244F23DC}.Ad-Hoc|x86.ActiveCfg = Debug|Any CPU
		{561A4F46-E885-405B-A838-D67F244F23DC}.Ad-Hoc|x86.Build.0 = Debug|Any CPU
		{561A4F46-E885-405B-A838-D67F244F23DC}.AppStore|Any CPU.ActiveCfg = Debug|Any CPU
		{561A4F46-E885-405B-A838-D67F244F23DC}.AppStore|Any CPU.Build.0 = Debug|Any CPU
		{561A4F46-E885-405B-A838-D67F244F23DC}.AppStore|ARM.ActiveCfg = Debug|Any CPU
		{561A4F46-E885-405B-A838-D67F244F23DC}.AppStore|ARM.Build.0 = Debug|Any CPU
		{561A4F46-E885-405B-A838-D67F244F23DC}.AppStore|ARM64.ActiveCfg = Debug|Any CPU
		{561A4F46-E885-405B-A838-D67F244F23DC}.AppStore|ARM64.Build.0 = Debug|Any CPU
		{561A4F46-E885-405B-A838-D67F244F23DC}.AppStore|iPhone.ActiveCfg = Debug|Any CPU
		{561A4F46-E885-405B-A838-D67F244F23DC}.AppStore|iPhone.Build.0 = Debug|Any CPU
		{561A4F46-E885-405B-A838-D67F244F23DC}.AppStore|iPhoneSimulator.ActiveCfg = Debug|Any CPU
		{561A4F46-E885-405B-A838-D67F244F23DC}.AppStore|iPhoneSimulator.Build.0 = Debug|Any CPU
		{561A4F46-E885-405B-A838-D67F244F23DC}.AppStore|x64.ActiveCfg = Debug|Any CPU
		{561A4F46-E885-405B-A838-D67F244F23DC}.AppStore|x64.Build.0 = Debug|Any CPU
		{561A4F46-E885-405B-A838-D67F244F23DC}.AppStore|x86.ActiveCfg = Debug|Any CPU
		{561A4F46-E885-405B-A838-D67F244F23DC}.AppStore|x86.Build.0 = Debug|Any CPU
		{561A4F46-E885-405B-A838-D67F244F23DC}.Debug|Any CPU.ActiveCfg = Debug|Any CPU
		{561A4F46-E885-405B-A838-D67F244F23DC}.Debug|Any CPU.Build.0 = Debug|Any CPU
		{561A4F46-E885-405B-A838-D67F244F23DC}.Debug|ARM.ActiveCfg = Debug|Any CPU
		{561A4F46-E885-405B-A838-D67F244F23DC}.Debug|ARM.Build.0 = Debug|Any CPU
		{561A4F46-E885-405B-A838-D67F244F23DC}.Debug|ARM64.ActiveCfg = Debug|Any CPU
		{561A4F46-E885-405B-A838-D67F244F23DC}.Debug|ARM64.Build.0 = Debug|Any CPU
		{561A4F46-E885-405B-A838-D67F244F23DC}.Debug|iPhone.ActiveCfg = Debug|Any CPU
		{561A4F46-E885-405B-A838-D67F244F23DC}.Debug|iPhone.Build.0 = Debug|Any CPU
		{561A4F46-E885-405B-A838-D67F244F23DC}.Debug|iPhoneSimulator.ActiveCfg = Debug|Any CPU
		{561A4F46-E885-405B-A838-D67F244F23DC}.Debug|iPhoneSimulator.Build.0 = Debug|Any CPU
		{561A4F46-E885-405B-A838-D67F244F23DC}.Debug|x64.ActiveCfg = Debug|Any CPU
		{561A4F46-E885-405B-A838-D67F244F23DC}.Debug|x64.Build.0 = Debug|Any CPU
		{561A4F46-E885-405B-A838-D67F244F23DC}.Debug|x86.ActiveCfg = Debug|Any CPU
		{561A4F46-E885-405B-A838-D67F244F23DC}.Debug|x86.Build.0 = Debug|Any CPU
		{561A4F46-E885-405B-A838-D67F244F23DC}.Release|Any CPU.ActiveCfg = Release|Any CPU
		{561A4F46-E885-405B-A838-D67F244F23DC}.Release|Any CPU.Build.0 = Release|Any CPU
		{561A4F46-E885-405B-A838-D67F244F23DC}.Release|ARM.ActiveCfg = Release|Any CPU
		{561A4F46-E885-405B-A838-D67F244F23DC}.Release|ARM.Build.0 = Release|Any CPU
		{561A4F46-E885-405B-A838-D67F244F23DC}.Release|ARM64.ActiveCfg = Release|Any CPU
		{561A4F46-E885-405B-A838-D67F244F23DC}.Release|ARM64.Build.0 = Release|Any CPU
		{561A4F46-E885-405B-A838-D67F244F23DC}.Release|iPhone.ActiveCfg = Release|Any CPU
		{561A4F46-E885-405B-A838-D67F244F23DC}.Release|iPhone.Build.0 = Release|Any CPU
		{561A4F46-E885-405B-A838-D67F244F23DC}.Release|iPhoneSimulator.ActiveCfg = Release|Any CPU
		{561A4F46-E885-405B-A838-D67F244F23DC}.Release|iPhoneSimulator.Build.0 = Release|Any CPU
		{561A4F46-E885-405B-A838-D67F244F23DC}.Release|x64.ActiveCfg = Release|Any CPU
		{561A4F46-E885-405B-A838-D67F244F23DC}.Release|x64.Build.0 = Release|Any CPU
		{561A4F46-E885-405B-A838-D67F244F23DC}.Release|x86.ActiveCfg = Release|Any CPU
		{561A4F46-E885-405B-A838-D67F244F23DC}.Release|x86.Build.0 = Release|Any CPU
		{2BC1E3CC-D88A-44BB-8BA4-45BB9D9131C2}.Ad-Hoc|Any CPU.ActiveCfg = Debug|iPhoneSimulator
		{2BC1E3CC-D88A-44BB-8BA4-45BB9D9131C2}.Ad-Hoc|Any CPU.Build.0 = Debug|iPhoneSimulator
		{2BC1E3CC-D88A-44BB-8BA4-45BB9D9131C2}.Ad-Hoc|ARM.ActiveCfg = Debug|iPhoneSimulator
		{2BC1E3CC-D88A-44BB-8BA4-45BB9D9131C2}.Ad-Hoc|ARM.Build.0 = Debug|iPhoneSimulator
		{2BC1E3CC-D88A-44BB-8BA4-45BB9D9131C2}.Ad-Hoc|ARM64.ActiveCfg = Debug|iPhoneSimulator
		{2BC1E3CC-D88A-44BB-8BA4-45BB9D9131C2}.Ad-Hoc|ARM64.Build.0 = Debug|iPhoneSimulator
		{2BC1E3CC-D88A-44BB-8BA4-45BB9D9131C2}.Ad-Hoc|iPhone.ActiveCfg = Debug|iPhoneSimulator
		{2BC1E3CC-D88A-44BB-8BA4-45BB9D9131C2}.Ad-Hoc|iPhone.Build.0 = Debug|iPhoneSimulator
		{2BC1E3CC-D88A-44BB-8BA4-45BB9D9131C2}.Ad-Hoc|iPhoneSimulator.ActiveCfg = Debug|iPhoneSimulator
		{2BC1E3CC-D88A-44BB-8BA4-45BB9D9131C2}.Ad-Hoc|iPhoneSimulator.Build.0 = Debug|iPhoneSimulator
		{2BC1E3CC-D88A-44BB-8BA4-45BB9D9131C2}.Ad-Hoc|x64.ActiveCfg = Debug|iPhoneSimulator
		{2BC1E3CC-D88A-44BB-8BA4-45BB9D9131C2}.Ad-Hoc|x64.Build.0 = Debug|iPhoneSimulator
		{2BC1E3CC-D88A-44BB-8BA4-45BB9D9131C2}.Ad-Hoc|x86.ActiveCfg = Debug|iPhoneSimulator
		{2BC1E3CC-D88A-44BB-8BA4-45BB9D9131C2}.Ad-Hoc|x86.Build.0 = Debug|iPhoneSimulator
		{2BC1E3CC-D88A-44BB-8BA4-45BB9D9131C2}.AppStore|Any CPU.ActiveCfg = Debug|iPhoneSimulator
		{2BC1E3CC-D88A-44BB-8BA4-45BB9D9131C2}.AppStore|Any CPU.Build.0 = Debug|iPhoneSimulator
		{2BC1E3CC-D88A-44BB-8BA4-45BB9D9131C2}.AppStore|ARM.ActiveCfg = Debug|iPhoneSimulator
		{2BC1E3CC-D88A-44BB-8BA4-45BB9D9131C2}.AppStore|ARM.Build.0 = Debug|iPhoneSimulator
		{2BC1E3CC-D88A-44BB-8BA4-45BB9D9131C2}.AppStore|ARM64.ActiveCfg = Debug|iPhoneSimulator
		{2BC1E3CC-D88A-44BB-8BA4-45BB9D9131C2}.AppStore|ARM64.Build.0 = Debug|iPhoneSimulator
		{2BC1E3CC-D88A-44BB-8BA4-45BB9D9131C2}.AppStore|iPhone.ActiveCfg = Debug|iPhoneSimulator
		{2BC1E3CC-D88A-44BB-8BA4-45BB9D9131C2}.AppStore|iPhone.Build.0 = Debug|iPhoneSimulator
		{2BC1E3CC-D88A-44BB-8BA4-45BB9D9131C2}.AppStore|iPhoneSimulator.ActiveCfg = Debug|iPhoneSimulator
		{2BC1E3CC-D88A-44BB-8BA4-45BB9D9131C2}.AppStore|iPhoneSimulator.Build.0 = Debug|iPhoneSimulator
		{2BC1E3CC-D88A-44BB-8BA4-45BB9D9131C2}.AppStore|x64.ActiveCfg = Debug|iPhoneSimulator
		{2BC1E3CC-D88A-44BB-8BA4-45BB9D9131C2}.AppStore|x64.Build.0 = Debug|iPhoneSimulator
		{2BC1E3CC-D88A-44BB-8BA4-45BB9D9131C2}.AppStore|x86.ActiveCfg = Debug|iPhoneSimulator
		{2BC1E3CC-D88A-44BB-8BA4-45BB9D9131C2}.AppStore|x86.Build.0 = Debug|iPhoneSimulator
		{2BC1E3CC-D88A-44BB-8BA4-45BB9D9131C2}.Debug|Any CPU.ActiveCfg = Debug|iPhoneSimulator
		{2BC1E3CC-D88A-44BB-8BA4-45BB9D9131C2}.Debug|Any CPU.Build.0 = Debug|iPhoneSimulator
		{2BC1E3CC-D88A-44BB-8BA4-45BB9D9131C2}.Debug|ARM.ActiveCfg = Debug|iPhoneSimulator
		{2BC1E3CC-D88A-44BB-8BA4-45BB9D9131C2}.Debug|ARM.Build.0 = Debug|iPhoneSimulator
		{2BC1E3CC-D88A-44BB-8BA4-45BB9D9131C2}.Debug|ARM64.ActiveCfg = Debug|iPhoneSimulator
		{2BC1E3CC-D88A-44BB-8BA4-45BB9D9131C2}.Debug|ARM64.Build.0 = Debug|iPhoneSimulator
		{2BC1E3CC-D88A-44BB-8BA4-45BB9D9131C2}.Debug|iPhone.ActiveCfg = Debug|iPhoneSimulator
		{2BC1E3CC-D88A-44BB-8BA4-45BB9D9131C2}.Debug|iPhone.Build.0 = Debug|iPhoneSimulator
		{2BC1E3CC-D88A-44BB-8BA4-45BB9D9131C2}.Debug|iPhoneSimulator.ActiveCfg = Debug|iPhoneSimulator
		{2BC1E3CC-D88A-44BB-8BA4-45BB9D9131C2}.Debug|iPhoneSimulator.Build.0 = Debug|iPhoneSimulator
		{2BC1E3CC-D88A-44BB-8BA4-45BB9D9131C2}.Debug|x64.ActiveCfg = Debug|iPhoneSimulator
		{2BC1E3CC-D88A-44BB-8BA4-45BB9D9131C2}.Debug|x64.Build.0 = Debug|iPhoneSimulator
		{2BC1E3CC-D88A-44BB-8BA4-45BB9D9131C2}.Debug|x86.ActiveCfg = Debug|iPhoneSimulator
		{2BC1E3CC-D88A-44BB-8BA4-45BB9D9131C2}.Debug|x86.Build.0 = Debug|iPhoneSimulator
		{2BC1E3CC-D88A-44BB-8BA4-45BB9D9131C2}.Release|Any CPU.ActiveCfg = Release|iPhoneSimulator
		{2BC1E3CC-D88A-44BB-8BA4-45BB9D9131C2}.Release|Any CPU.Build.0 = Release|iPhoneSimulator
		{2BC1E3CC-D88A-44BB-8BA4-45BB9D9131C2}.Release|ARM.ActiveCfg = Release|iPhoneSimulator
		{2BC1E3CC-D88A-44BB-8BA4-45BB9D9131C2}.Release|ARM.Build.0 = Release|iPhoneSimulator
		{2BC1E3CC-D88A-44BB-8BA4-45BB9D9131C2}.Release|ARM64.ActiveCfg = Release|iPhoneSimulator
		{2BC1E3CC-D88A-44BB-8BA4-45BB9D9131C2}.Release|ARM64.Build.0 = Release|iPhoneSimulator
		{2BC1E3CC-D88A-44BB-8BA4-45BB9D9131C2}.Release|iPhone.ActiveCfg = Release|iPhoneSimulator
		{2BC1E3CC-D88A-44BB-8BA4-45BB9D9131C2}.Release|iPhone.Build.0 = Release|iPhoneSimulator
		{2BC1E3CC-D88A-44BB-8BA4-45BB9D9131C2}.Release|iPhoneSimulator.ActiveCfg = Release|iPhoneSimulator
		{2BC1E3CC-D88A-44BB-8BA4-45BB9D9131C2}.Release|iPhoneSimulator.Build.0 = Release|iPhoneSimulator
		{2BC1E3CC-D88A-44BB-8BA4-45BB9D9131C2}.Release|x64.ActiveCfg = Release|iPhoneSimulator
		{2BC1E3CC-D88A-44BB-8BA4-45BB9D9131C2}.Release|x64.Build.0 = Release|iPhoneSimulator
		{2BC1E3CC-D88A-44BB-8BA4-45BB9D9131C2}.Release|x86.ActiveCfg = Release|iPhoneSimulator
		{2BC1E3CC-D88A-44BB-8BA4-45BB9D9131C2}.Release|x86.Build.0 = Release|iPhoneSimulator
		{3780362B-4E72-4B38-BB01-E51D0C511DF7}.Ad-Hoc|Any CPU.ActiveCfg = Debug|Any CPU
		{3780362B-4E72-4B38-BB01-E51D0C511DF7}.Ad-Hoc|Any CPU.Build.0 = Debug|Any CPU
		{3780362B-4E72-4B38-BB01-E51D0C511DF7}.Ad-Hoc|ARM.ActiveCfg = Debug|Any CPU
		{3780362B-4E72-4B38-BB01-E51D0C511DF7}.Ad-Hoc|ARM.Build.0 = Debug|Any CPU
		{3780362B-4E72-4B38-BB01-E51D0C511DF7}.Ad-Hoc|ARM64.ActiveCfg = Debug|Any CPU
		{3780362B-4E72-4B38-BB01-E51D0C511DF7}.Ad-Hoc|ARM64.Build.0 = Debug|Any CPU
		{3780362B-4E72-4B38-BB01-E51D0C511DF7}.Ad-Hoc|iPhone.ActiveCfg = Debug|Any CPU
		{3780362B-4E72-4B38-BB01-E51D0C511DF7}.Ad-Hoc|iPhone.Build.0 = Debug|Any CPU
		{3780362B-4E72-4B38-BB01-E51D0C511DF7}.Ad-Hoc|iPhoneSimulator.ActiveCfg = Debug|Any CPU
		{3780362B-4E72-4B38-BB01-E51D0C511DF7}.Ad-Hoc|iPhoneSimulator.Build.0 = Debug|Any CPU
		{3780362B-4E72-4B38-BB01-E51D0C511DF7}.Ad-Hoc|x64.ActiveCfg = Debug|Any CPU
		{3780362B-4E72-4B38-BB01-E51D0C511DF7}.Ad-Hoc|x64.Build.0 = Debug|Any CPU
		{3780362B-4E72-4B38-BB01-E51D0C511DF7}.Ad-Hoc|x86.ActiveCfg = Debug|Any CPU
		{3780362B-4E72-4B38-BB01-E51D0C511DF7}.Ad-Hoc|x86.Build.0 = Debug|Any CPU
		{3780362B-4E72-4B38-BB01-E51D0C511DF7}.AppStore|Any CPU.ActiveCfg = Debug|Any CPU
		{3780362B-4E72-4B38-BB01-E51D0C511DF7}.AppStore|Any CPU.Build.0 = Debug|Any CPU
		{3780362B-4E72-4B38-BB01-E51D0C511DF7}.AppStore|ARM.ActiveCfg = Debug|Any CPU
		{3780362B-4E72-4B38-BB01-E51D0C511DF7}.AppStore|ARM.Build.0 = Debug|Any CPU
		{3780362B-4E72-4B38-BB01-E51D0C511DF7}.AppStore|ARM64.ActiveCfg = Debug|Any CPU
		{3780362B-4E72-4B38-BB01-E51D0C511DF7}.AppStore|ARM64.Build.0 = Debug|Any CPU
		{3780362B-4E72-4B38-BB01-E51D0C511DF7}.AppStore|iPhone.ActiveCfg = Debug|Any CPU
		{3780362B-4E72-4B38-BB01-E51D0C511DF7}.AppStore|iPhone.Build.0 = Debug|Any CPU
		{3780362B-4E72-4B38-BB01-E51D0C511DF7}.AppStore|iPhoneSimulator.ActiveCfg = Debug|Any CPU
		{3780362B-4E72-4B38-BB01-E51D0C511DF7}.AppStore|iPhoneSimulator.Build.0 = Debug|Any CPU
		{3780362B-4E72-4B38-BB01-E51D0C511DF7}.AppStore|x64.ActiveCfg = Debug|Any CPU
		{3780362B-4E72-4B38-BB01-E51D0C511DF7}.AppStore|x64.Build.0 = Debug|Any CPU
		{3780362B-4E72-4B38-BB01-E51D0C511DF7}.AppStore|x86.ActiveCfg = Debug|Any CPU
		{3780362B-4E72-4B38-BB01-E51D0C511DF7}.AppStore|x86.Build.0 = Debug|Any CPU
		{3780362B-4E72-4B38-BB01-E51D0C511DF7}.Debug|Any CPU.ActiveCfg = Debug|Any CPU
		{3780362B-4E72-4B38-BB01-E51D0C511DF7}.Debug|Any CPU.Build.0 = Debug|Any CPU
		{3780362B-4E72-4B38-BB01-E51D0C511DF7}.Debug|ARM.ActiveCfg = Debug|Any CPU
		{3780362B-4E72-4B38-BB01-E51D0C511DF7}.Debug|ARM.Build.0 = Debug|Any CPU
		{3780362B-4E72-4B38-BB01-E51D0C511DF7}.Debug|ARM64.ActiveCfg = Debug|Any CPU
		{3780362B-4E72-4B38-BB01-E51D0C511DF7}.Debug|ARM64.Build.0 = Debug|Any CPU
		{3780362B-4E72-4B38-BB01-E51D0C511DF7}.Debug|iPhone.ActiveCfg = Debug|Any CPU
		{3780362B-4E72-4B38-BB01-E51D0C511DF7}.Debug|iPhone.Build.0 = Debug|Any CPU
		{3780362B-4E72-4B38-BB01-E51D0C511DF7}.Debug|iPhoneSimulator.ActiveCfg = Debug|Any CPU
		{3780362B-4E72-4B38-BB01-E51D0C511DF7}.Debug|iPhoneSimulator.Build.0 = Debug|Any CPU
		{3780362B-4E72-4B38-BB01-E51D0C511DF7}.Debug|x64.ActiveCfg = Debug|Any CPU
		{3780362B-4E72-4B38-BB01-E51D0C511DF7}.Debug|x64.Build.0 = Debug|Any CPU
		{3780362B-4E72-4B38-BB01-E51D0C511DF7}.Debug|x86.ActiveCfg = Debug|Any CPU
		{3780362B-4E72-4B38-BB01-E51D0C511DF7}.Debug|x86.Build.0 = Debug|Any CPU
		{3780362B-4E72-4B38-BB01-E51D0C511DF7}.Release|Any CPU.ActiveCfg = Release|Any CPU
		{3780362B-4E72-4B38-BB01-E51D0C511DF7}.Release|Any CPU.Build.0 = Release|Any CPU
		{3780362B-4E72-4B38-BB01-E51D0C511DF7}.Release|ARM.ActiveCfg = Release|Any CPU
		{3780362B-4E72-4B38-BB01-E51D0C511DF7}.Release|ARM.Build.0 = Release|Any CPU
		{3780362B-4E72-4B38-BB01-E51D0C511DF7}.Release|ARM64.ActiveCfg = Release|Any CPU
		{3780362B-4E72-4B38-BB01-E51D0C511DF7}.Release|ARM64.Build.0 = Release|Any CPU
		{3780362B-4E72-4B38-BB01-E51D0C511DF7}.Release|iPhone.ActiveCfg = Release|Any CPU
		{3780362B-4E72-4B38-BB01-E51D0C511DF7}.Release|iPhone.Build.0 = Release|Any CPU
		{3780362B-4E72-4B38-BB01-E51D0C511DF7}.Release|iPhoneSimulator.ActiveCfg = Release|Any CPU
		{3780362B-4E72-4B38-BB01-E51D0C511DF7}.Release|iPhoneSimulator.Build.0 = Release|Any CPU
		{3780362B-4E72-4B38-BB01-E51D0C511DF7}.Release|x64.ActiveCfg = Release|Any CPU
		{3780362B-4E72-4B38-BB01-E51D0C511DF7}.Release|x64.Build.0 = Release|Any CPU
		{3780362B-4E72-4B38-BB01-E51D0C511DF7}.Release|x86.ActiveCfg = Release|Any CPU
		{3780362B-4E72-4B38-BB01-E51D0C511DF7}.Release|x86.Build.0 = Release|Any CPU
		{6D67DCA7-94AC-435F-AE3C-DE02535B0503}.Ad-Hoc|Any CPU.ActiveCfg = Debug|Any CPU
		{6D67DCA7-94AC-435F-AE3C-DE02535B0503}.Ad-Hoc|Any CPU.Build.0 = Debug|Any CPU
		{6D67DCA7-94AC-435F-AE3C-DE02535B0503}.Ad-Hoc|ARM.ActiveCfg = Debug|Any CPU
		{6D67DCA7-94AC-435F-AE3C-DE02535B0503}.Ad-Hoc|ARM.Build.0 = Debug|Any CPU
		{6D67DCA7-94AC-435F-AE3C-DE02535B0503}.Ad-Hoc|ARM64.ActiveCfg = Debug|Any CPU
		{6D67DCA7-94AC-435F-AE3C-DE02535B0503}.Ad-Hoc|ARM64.Build.0 = Debug|Any CPU
		{6D67DCA7-94AC-435F-AE3C-DE02535B0503}.Ad-Hoc|iPhone.ActiveCfg = Debug|Any CPU
		{6D67DCA7-94AC-435F-AE3C-DE02535B0503}.Ad-Hoc|iPhone.Build.0 = Debug|Any CPU
		{6D67DCA7-94AC-435F-AE3C-DE02535B0503}.Ad-Hoc|iPhoneSimulator.ActiveCfg = Debug|Any CPU
		{6D67DCA7-94AC-435F-AE3C-DE02535B0503}.Ad-Hoc|iPhoneSimulator.Build.0 = Debug|Any CPU
		{6D67DCA7-94AC-435F-AE3C-DE02535B0503}.Ad-Hoc|x64.ActiveCfg = Debug|Any CPU
		{6D67DCA7-94AC-435F-AE3C-DE02535B0503}.Ad-Hoc|x64.Build.0 = Debug|Any CPU
		{6D67DCA7-94AC-435F-AE3C-DE02535B0503}.Ad-Hoc|x86.ActiveCfg = Debug|Any CPU
		{6D67DCA7-94AC-435F-AE3C-DE02535B0503}.Ad-Hoc|x86.Build.0 = Debug|Any CPU
		{6D67DCA7-94AC-435F-AE3C-DE02535B0503}.AppStore|Any CPU.ActiveCfg = Debug|Any CPU
		{6D67DCA7-94AC-435F-AE3C-DE02535B0503}.AppStore|Any CPU.Build.0 = Debug|Any CPU
		{6D67DCA7-94AC-435F-AE3C-DE02535B0503}.AppStore|ARM.ActiveCfg = Debug|Any CPU
		{6D67DCA7-94AC-435F-AE3C-DE02535B0503}.AppStore|ARM.Build.0 = Debug|Any CPU
		{6D67DCA7-94AC-435F-AE3C-DE02535B0503}.AppStore|ARM64.ActiveCfg = Debug|Any CPU
		{6D67DCA7-94AC-435F-AE3C-DE02535B0503}.AppStore|ARM64.Build.0 = Debug|Any CPU
		{6D67DCA7-94AC-435F-AE3C-DE02535B0503}.AppStore|iPhone.ActiveCfg = Debug|Any CPU
		{6D67DCA7-94AC-435F-AE3C-DE02535B0503}.AppStore|iPhone.Build.0 = Debug|Any CPU
		{6D67DCA7-94AC-435F-AE3C-DE02535B0503}.AppStore|iPhoneSimulator.ActiveCfg = Debug|Any CPU
		{6D67DCA7-94AC-435F-AE3C-DE02535B0503}.AppStore|iPhoneSimulator.Build.0 = Debug|Any CPU
		{6D67DCA7-94AC-435F-AE3C-DE02535B0503}.AppStore|x64.ActiveCfg = Debug|Any CPU
		{6D67DCA7-94AC-435F-AE3C-DE02535B0503}.AppStore|x64.Build.0 = Debug|Any CPU
		{6D67DCA7-94AC-435F-AE3C-DE02535B0503}.AppStore|x86.ActiveCfg = Debug|Any CPU
		{6D67DCA7-94AC-435F-AE3C-DE02535B0503}.AppStore|x86.Build.0 = Debug|Any CPU
		{6D67DCA7-94AC-435F-AE3C-DE02535B0503}.Debug|Any CPU.ActiveCfg = Debug|Any CPU
		{6D67DCA7-94AC-435F-AE3C-DE02535B0503}.Debug|Any CPU.Build.0 = Debug|Any CPU
		{6D67DCA7-94AC-435F-AE3C-DE02535B0503}.Debug|ARM.ActiveCfg = Debug|Any CPU
		{6D67DCA7-94AC-435F-AE3C-DE02535B0503}.Debug|ARM.Build.0 = Debug|Any CPU
		{6D67DCA7-94AC-435F-AE3C-DE02535B0503}.Debug|ARM64.ActiveCfg = Debug|Any CPU
		{6D67DCA7-94AC-435F-AE3C-DE02535B0503}.Debug|ARM64.Build.0 = Debug|Any CPU
		{6D67DCA7-94AC-435F-AE3C-DE02535B0503}.Debug|iPhone.ActiveCfg = Debug|Any CPU
		{6D67DCA7-94AC-435F-AE3C-DE02535B0503}.Debug|iPhone.Build.0 = Debug|Any CPU
		{6D67DCA7-94AC-435F-AE3C-DE02535B0503}.Debug|iPhoneSimulator.ActiveCfg = Debug|Any CPU
		{6D67DCA7-94AC-435F-AE3C-DE02535B0503}.Debug|iPhoneSimulator.Build.0 = Debug|Any CPU
		{6D67DCA7-94AC-435F-AE3C-DE02535B0503}.Debug|x64.ActiveCfg = Debug|Any CPU
		{6D67DCA7-94AC-435F-AE3C-DE02535B0503}.Debug|x64.Build.0 = Debug|Any CPU
		{6D67DCA7-94AC-435F-AE3C-DE02535B0503}.Debug|x86.ActiveCfg = Debug|Any CPU
		{6D67DCA7-94AC-435F-AE3C-DE02535B0503}.Debug|x86.Build.0 = Debug|Any CPU
		{6D67DCA7-94AC-435F-AE3C-DE02535B0503}.Release|Any CPU.ActiveCfg = Release|Any CPU
		{6D67DCA7-94AC-435F-AE3C-DE02535B0503}.Release|Any CPU.Build.0 = Release|Any CPU
		{6D67DCA7-94AC-435F-AE3C-DE02535B0503}.Release|ARM.ActiveCfg = Release|Any CPU
		{6D67DCA7-94AC-435F-AE3C-DE02535B0503}.Release|ARM.Build.0 = Release|Any CPU
		{6D67DCA7-94AC-435F-AE3C-DE02535B0503}.Release|ARM64.ActiveCfg = Release|Any CPU
		{6D67DCA7-94AC-435F-AE3C-DE02535B0503}.Release|ARM64.Build.0 = Release|Any CPU
		{6D67DCA7-94AC-435F-AE3C-DE02535B0503}.Release|iPhone.ActiveCfg = Release|Any CPU
		{6D67DCA7-94AC-435F-AE3C-DE02535B0503}.Release|iPhone.Build.0 = Release|Any CPU
		{6D67DCA7-94AC-435F-AE3C-DE02535B0503}.Release|iPhoneSimulator.ActiveCfg = Release|Any CPU
		{6D67DCA7-94AC-435F-AE3C-DE02535B0503}.Release|iPhoneSimulator.Build.0 = Release|Any CPU
		{6D67DCA7-94AC-435F-AE3C-DE02535B0503}.Release|x64.ActiveCfg = Release|Any CPU
		{6D67DCA7-94AC-435F-AE3C-DE02535B0503}.Release|x64.Build.0 = Release|Any CPU
		{6D67DCA7-94AC-435F-AE3C-DE02535B0503}.Release|x86.ActiveCfg = Release|Any CPU
		{6D67DCA7-94AC-435F-AE3C-DE02535B0503}.Release|x86.Build.0 = Release|Any CPU
		{E793E8FA-7A36-47A3-8C21-DCEDB5035A74}.Ad-Hoc|Any CPU.ActiveCfg = Debug|Any CPU
		{E793E8FA-7A36-47A3-8C21-DCEDB5035A74}.Ad-Hoc|Any CPU.Build.0 = Debug|Any CPU
		{E793E8FA-7A36-47A3-8C21-DCEDB5035A74}.Ad-Hoc|ARM.ActiveCfg = Debug|Any CPU
		{E793E8FA-7A36-47A3-8C21-DCEDB5035A74}.Ad-Hoc|ARM.Build.0 = Debug|Any CPU
		{E793E8FA-7A36-47A3-8C21-DCEDB5035A74}.Ad-Hoc|ARM64.ActiveCfg = Debug|Any CPU
		{E793E8FA-7A36-47A3-8C21-DCEDB5035A74}.Ad-Hoc|ARM64.Build.0 = Debug|Any CPU
		{E793E8FA-7A36-47A3-8C21-DCEDB5035A74}.Ad-Hoc|iPhone.ActiveCfg = Debug|Any CPU
		{E793E8FA-7A36-47A3-8C21-DCEDB5035A74}.Ad-Hoc|iPhone.Build.0 = Debug|Any CPU
		{E793E8FA-7A36-47A3-8C21-DCEDB5035A74}.Ad-Hoc|iPhoneSimulator.ActiveCfg = Debug|Any CPU
		{E793E8FA-7A36-47A3-8C21-DCEDB5035A74}.Ad-Hoc|iPhoneSimulator.Build.0 = Debug|Any CPU
		{E793E8FA-7A36-47A3-8C21-DCEDB5035A74}.Ad-Hoc|x64.ActiveCfg = Debug|Any CPU
		{E793E8FA-7A36-47A3-8C21-DCEDB5035A74}.Ad-Hoc|x64.Build.0 = Debug|Any CPU
		{E793E8FA-7A36-47A3-8C21-DCEDB5035A74}.Ad-Hoc|x86.ActiveCfg = Debug|Any CPU
		{E793E8FA-7A36-47A3-8C21-DCEDB5035A74}.Ad-Hoc|x86.Build.0 = Debug|Any CPU
		{E793E8FA-7A36-47A3-8C21-DCEDB5035A74}.AppStore|Any CPU.ActiveCfg = Debug|Any CPU
		{E793E8FA-7A36-47A3-8C21-DCEDB5035A74}.AppStore|Any CPU.Build.0 = Debug|Any CPU
		{E793E8FA-7A36-47A3-8C21-DCEDB5035A74}.AppStore|ARM.ActiveCfg = Debug|Any CPU
		{E793E8FA-7A36-47A3-8C21-DCEDB5035A74}.AppStore|ARM.Build.0 = Debug|Any CPU
		{E793E8FA-7A36-47A3-8C21-DCEDB5035A74}.AppStore|ARM64.ActiveCfg = Debug|Any CPU
		{E793E8FA-7A36-47A3-8C21-DCEDB5035A74}.AppStore|ARM64.Build.0 = Debug|Any CPU
		{E793E8FA-7A36-47A3-8C21-DCEDB5035A74}.AppStore|iPhone.ActiveCfg = Debug|Any CPU
		{E793E8FA-7A36-47A3-8C21-DCEDB5035A74}.AppStore|iPhone.Build.0 = Debug|Any CPU
		{E793E8FA-7A36-47A3-8C21-DCEDB5035A74}.AppStore|iPhoneSimulator.ActiveCfg = Debug|Any CPU
		{E793E8FA-7A36-47A3-8C21-DCEDB5035A74}.AppStore|iPhoneSimulator.Build.0 = Debug|Any CPU
		{E793E8FA-7A36-47A3-8C21-DCEDB5035A74}.AppStore|x64.ActiveCfg = Debug|Any CPU
		{E793E8FA-7A36-47A3-8C21-DCEDB5035A74}.AppStore|x64.Build.0 = Debug|Any CPU
		{E793E8FA-7A36-47A3-8C21-DCEDB5035A74}.AppStore|x86.ActiveCfg = Debug|Any CPU
		{E793E8FA-7A36-47A3-8C21-DCEDB5035A74}.AppStore|x86.Build.0 = Debug|Any CPU
		{E793E8FA-7A36-47A3-8C21-DCEDB5035A74}.Debug|Any CPU.ActiveCfg = Debug|Any CPU
		{E793E8FA-7A36-47A3-8C21-DCEDB5035A74}.Debug|Any CPU.Build.0 = Debug|Any CPU
		{E793E8FA-7A36-47A3-8C21-DCEDB5035A74}.Debug|ARM.ActiveCfg = Debug|Any CPU
		{E793E8FA-7A36-47A3-8C21-DCEDB5035A74}.Debug|ARM.Build.0 = Debug|Any CPU
		{E793E8FA-7A36-47A3-8C21-DCEDB5035A74}.Debug|ARM64.ActiveCfg = Debug|Any CPU
		{E793E8FA-7A36-47A3-8C21-DCEDB5035A74}.Debug|ARM64.Build.0 = Debug|Any CPU
		{E793E8FA-7A36-47A3-8C21-DCEDB5035A74}.Debug|iPhone.ActiveCfg = Debug|Any CPU
		{E793E8FA-7A36-47A3-8C21-DCEDB5035A74}.Debug|iPhone.Build.0 = Debug|Any CPU
		{E793E8FA-7A36-47A3-8C21-DCEDB5035A74}.Debug|iPhoneSimulator.ActiveCfg = Debug|Any CPU
		{E793E8FA-7A36-47A3-8C21-DCEDB5035A74}.Debug|iPhoneSimulator.Build.0 = Debug|Any CPU
		{E793E8FA-7A36-47A3-8C21-DCEDB5035A74}.Debug|x64.ActiveCfg = Debug|Any CPU
		{E793E8FA-7A36-47A3-8C21-DCEDB5035A74}.Debug|x64.Build.0 = Debug|Any CPU
		{E793E8FA-7A36-47A3-8C21-DCEDB5035A74}.Debug|x86.ActiveCfg = Debug|Any CPU
		{E793E8FA-7A36-47A3-8C21-DCEDB5035A74}.Debug|x86.Build.0 = Debug|Any CPU
		{E793E8FA-7A36-47A3-8C21-DCEDB5035A74}.Release|Any CPU.ActiveCfg = Release|Any CPU
		{E793E8FA-7A36-47A3-8C21-DCEDB5035A74}.Release|Any CPU.Build.0 = Release|Any CPU
		{E793E8FA-7A36-47A3-8C21-DCEDB5035A74}.Release|ARM.ActiveCfg = Release|Any CPU
		{E793E8FA-7A36-47A3-8C21-DCEDB5035A74}.Release|ARM.Build.0 = Release|Any CPU
		{E793E8FA-7A36-47A3-8C21-DCEDB5035A74}.Release|ARM64.ActiveCfg = Release|Any CPU
		{E793E8FA-7A36-47A3-8C21-DCEDB5035A74}.Release|ARM64.Build.0 = Release|Any CPU
		{E793E8FA-7A36-47A3-8C21-DCEDB5035A74}.Release|iPhone.ActiveCfg = Release|Any CPU
		{E793E8FA-7A36-47A3-8C21-DCEDB5035A74}.Release|iPhone.Build.0 = Release|Any CPU
		{E793E8FA-7A36-47A3-8C21-DCEDB5035A74}.Release|iPhoneSimulator.ActiveCfg = Release|Any CPU
		{E793E8FA-7A36-47A3-8C21-DCEDB5035A74}.Release|iPhoneSimulator.Build.0 = Release|Any CPU
		{E793E8FA-7A36-47A3-8C21-DCEDB5035A74}.Release|x64.ActiveCfg = Release|Any CPU
		{E793E8FA-7A36-47A3-8C21-DCEDB5035A74}.Release|x64.Build.0 = Release|Any CPU
		{E793E8FA-7A36-47A3-8C21-DCEDB5035A74}.Release|x86.ActiveCfg = Release|Any CPU
		{E793E8FA-7A36-47A3-8C21-DCEDB5035A74}.Release|x86.Build.0 = Release|Any CPU
		{D16B59B7-1CF5-43F4-99FD-0C8AE6E31C5D}.Ad-Hoc|Any CPU.ActiveCfg = Debug|Any CPU
		{D16B59B7-1CF5-43F4-99FD-0C8AE6E31C5D}.Ad-Hoc|Any CPU.Build.0 = Debug|Any CPU
		{D16B59B7-1CF5-43F4-99FD-0C8AE6E31C5D}.Ad-Hoc|ARM.ActiveCfg = Debug|Any CPU
		{D16B59B7-1CF5-43F4-99FD-0C8AE6E31C5D}.Ad-Hoc|ARM.Build.0 = Debug|Any CPU
		{D16B59B7-1CF5-43F4-99FD-0C8AE6E31C5D}.Ad-Hoc|ARM64.ActiveCfg = Debug|Any CPU
		{D16B59B7-1CF5-43F4-99FD-0C8AE6E31C5D}.Ad-Hoc|ARM64.Build.0 = Debug|Any CPU
		{D16B59B7-1CF5-43F4-99FD-0C8AE6E31C5D}.Ad-Hoc|iPhone.ActiveCfg = Debug|Any CPU
		{D16B59B7-1CF5-43F4-99FD-0C8AE6E31C5D}.Ad-Hoc|iPhone.Build.0 = Debug|Any CPU
		{D16B59B7-1CF5-43F4-99FD-0C8AE6E31C5D}.Ad-Hoc|iPhoneSimulator.ActiveCfg = Debug|Any CPU
		{D16B59B7-1CF5-43F4-99FD-0C8AE6E31C5D}.Ad-Hoc|iPhoneSimulator.Build.0 = Debug|Any CPU
		{D16B59B7-1CF5-43F4-99FD-0C8AE6E31C5D}.Ad-Hoc|x64.ActiveCfg = Debug|Any CPU
		{D16B59B7-1CF5-43F4-99FD-0C8AE6E31C5D}.Ad-Hoc|x64.Build.0 = Debug|Any CPU
		{D16B59B7-1CF5-43F4-99FD-0C8AE6E31C5D}.Ad-Hoc|x86.ActiveCfg = Debug|Any CPU
		{D16B59B7-1CF5-43F4-99FD-0C8AE6E31C5D}.Ad-Hoc|x86.Build.0 = Debug|Any CPU
		{D16B59B7-1CF5-43F4-99FD-0C8AE6E31C5D}.AppStore|Any CPU.ActiveCfg = Debug|Any CPU
		{D16B59B7-1CF5-43F4-99FD-0C8AE6E31C5D}.AppStore|Any CPU.Build.0 = Debug|Any CPU
		{D16B59B7-1CF5-43F4-99FD-0C8AE6E31C5D}.AppStore|ARM.ActiveCfg = Debug|Any CPU
		{D16B59B7-1CF5-43F4-99FD-0C8AE6E31C5D}.AppStore|ARM.Build.0 = Debug|Any CPU
		{D16B59B7-1CF5-43F4-99FD-0C8AE6E31C5D}.AppStore|ARM64.ActiveCfg = Debug|Any CPU
		{D16B59B7-1CF5-43F4-99FD-0C8AE6E31C5D}.AppStore|ARM64.Build.0 = Debug|Any CPU
		{D16B59B7-1CF5-43F4-99FD-0C8AE6E31C5D}.AppStore|iPhone.ActiveCfg = Debug|Any CPU
		{D16B59B7-1CF5-43F4-99FD-0C8AE6E31C5D}.AppStore|iPhone.Build.0 = Debug|Any CPU
		{D16B59B7-1CF5-43F4-99FD-0C8AE6E31C5D}.AppStore|iPhoneSimulator.ActiveCfg = Debug|Any CPU
		{D16B59B7-1CF5-43F4-99FD-0C8AE6E31C5D}.AppStore|iPhoneSimulator.Build.0 = Debug|Any CPU
		{D16B59B7-1CF5-43F4-99FD-0C8AE6E31C5D}.AppStore|x64.ActiveCfg = Debug|Any CPU
		{D16B59B7-1CF5-43F4-99FD-0C8AE6E31C5D}.AppStore|x64.Build.0 = Debug|Any CPU
		{D16B59B7-1CF5-43F4-99FD-0C8AE6E31C5D}.AppStore|x86.ActiveCfg = Debug|Any CPU
		{D16B59B7-1CF5-43F4-99FD-0C8AE6E31C5D}.AppStore|x86.Build.0 = Debug|Any CPU
		{D16B59B7-1CF5-43F4-99FD-0C8AE6E31C5D}.Debug|Any CPU.ActiveCfg = Debug|Any CPU
		{D16B59B7-1CF5-43F4-99FD-0C8AE6E31C5D}.Debug|Any CPU.Build.0 = Debug|Any CPU
		{D16B59B7-1CF5-43F4-99FD-0C8AE6E31C5D}.Debug|ARM.ActiveCfg = Debug|Any CPU
		{D16B59B7-1CF5-43F4-99FD-0C8AE6E31C5D}.Debug|ARM.Build.0 = Debug|Any CPU
		{D16B59B7-1CF5-43F4-99FD-0C8AE6E31C5D}.Debug|ARM64.ActiveCfg = Debug|Any CPU
		{D16B59B7-1CF5-43F4-99FD-0C8AE6E31C5D}.Debug|ARM64.Build.0 = Debug|Any CPU
		{D16B59B7-1CF5-43F4-99FD-0C8AE6E31C5D}.Debug|iPhone.ActiveCfg = Debug|Any CPU
		{D16B59B7-1CF5-43F4-99FD-0C8AE6E31C5D}.Debug|iPhone.Build.0 = Debug|Any CPU
		{D16B59B7-1CF5-43F4-99FD-0C8AE6E31C5D}.Debug|iPhoneSimulator.ActiveCfg = Debug|Any CPU
		{D16B59B7-1CF5-43F4-99FD-0C8AE6E31C5D}.Debug|iPhoneSimulator.Build.0 = Debug|Any CPU
		{D16B59B7-1CF5-43F4-99FD-0C8AE6E31C5D}.Debug|x64.ActiveCfg = Debug|Any CPU
		{D16B59B7-1CF5-43F4-99FD-0C8AE6E31C5D}.Debug|x64.Build.0 = Debug|Any CPU
		{D16B59B7-1CF5-43F4-99FD-0C8AE6E31C5D}.Debug|x86.ActiveCfg = Debug|Any CPU
		{D16B59B7-1CF5-43F4-99FD-0C8AE6E31C5D}.Debug|x86.Build.0 = Debug|Any CPU
		{D16B59B7-1CF5-43F4-99FD-0C8AE6E31C5D}.Release|Any CPU.ActiveCfg = Release|Any CPU
		{D16B59B7-1CF5-43F4-99FD-0C8AE6E31C5D}.Release|Any CPU.Build.0 = Release|Any CPU
		{D16B59B7-1CF5-43F4-99FD-0C8AE6E31C5D}.Release|ARM.ActiveCfg = Release|Any CPU
		{D16B59B7-1CF5-43F4-99FD-0C8AE6E31C5D}.Release|ARM.Build.0 = Release|Any CPU
		{D16B59B7-1CF5-43F4-99FD-0C8AE6E31C5D}.Release|ARM64.ActiveCfg = Release|Any CPU
		{D16B59B7-1CF5-43F4-99FD-0C8AE6E31C5D}.Release|ARM64.Build.0 = Release|Any CPU
		{D16B59B7-1CF5-43F4-99FD-0C8AE6E31C5D}.Release|iPhone.ActiveCfg = Release|Any CPU
		{D16B59B7-1CF5-43F4-99FD-0C8AE6E31C5D}.Release|iPhone.Build.0 = Release|Any CPU
		{D16B59B7-1CF5-43F4-99FD-0C8AE6E31C5D}.Release|iPhoneSimulator.ActiveCfg = Release|Any CPU
		{D16B59B7-1CF5-43F4-99FD-0C8AE6E31C5D}.Release|iPhoneSimulator.Build.0 = Release|Any CPU
		{D16B59B7-1CF5-43F4-99FD-0C8AE6E31C5D}.Release|x64.ActiveCfg = Release|Any CPU
		{D16B59B7-1CF5-43F4-99FD-0C8AE6E31C5D}.Release|x64.Build.0 = Release|Any CPU
		{D16B59B7-1CF5-43F4-99FD-0C8AE6E31C5D}.Release|x86.ActiveCfg = Release|Any CPU
		{D16B59B7-1CF5-43F4-99FD-0C8AE6E31C5D}.Release|x86.Build.0 = Release|Any CPU
	EndGlobalSection
	GlobalSection(SolutionProperties) = preSolution
		HideSolutionNode = FALSE
	EndGlobalSection
	GlobalSection(NestedProjects) = preSolution
		{634CF086-0E5B-4711-A4A7-EB79FF3F8BDC} = {64953723-9CAE-46C0-A0E1-0E0D8A6FB069}
		{3AF3C52B-8DE8-4A2D-AE29-208FE622D549} = {64953723-9CAE-46C0-A0E1-0E0D8A6FB069}
		{7C9D9602-F8BC-46EF-A60D-2144AF5E8CF0} = {64953723-9CAE-46C0-A0E1-0E0D8A6FB069}
		{561A4F46-E885-405B-A838-D67F244F23DC} = {64953723-9CAE-46C0-A0E1-0E0D8A6FB069}
		{2BC1E3CC-D88A-44BB-8BA4-45BB9D9131C2} = {64953723-9CAE-46C0-A0E1-0E0D8A6FB069}
		{3780362B-4E72-4B38-BB01-E51D0C511DF7} = {64953723-9CAE-46C0-A0E1-0E0D8A6FB069}
		{6D67DCA7-94AC-435F-AE3C-DE02535B0503} = {64953723-9CAE-46C0-A0E1-0E0D8A6FB069}
		{E793E8FA-7A36-47A3-8C21-DCEDB5035A74} = {64953723-9CAE-46C0-A0E1-0E0D8A6FB069}
		{D16B59B7-1CF5-43F4-99FD-0C8AE6E31C5D} = {64953723-9CAE-46C0-A0E1-0E0D8A6FB069}
	EndGlobalSection
	GlobalSection(ExtensibilityGlobals) = postSolution
		SolutionGuid = {96A82073-B98C-40AA-A10E-4D12D0566222}
	EndGlobalSection
	GlobalSection(SharedMSBuildProjectFiles) = preSolution
		Confooxars\Confooxars.Shared\Confooxars.Shared.projitems*{2bc1e3cc-d88a-44bb-8ba4-45bb9d9131c2}*SharedItemsImports = 4
		Confooxars\Confooxars.Shared\Confooxars.Shared.projitems*{3af3c52b-8de8-4a2d-ae29-208fe622d549}*SharedItemsImports = 4
		Confooxars\Confooxars.Shared\Confooxars.Shared.projitems*{561a4f46-e885-405b-a838-d67f244f23dc}*SharedItemsImports = 5
		Confooxars\Confooxars.Shared\Confooxars.Shared.projitems*{6279c845-92f8-4333-ab99-3d213163593c}*SharedItemsImports = 13
		Confooxars\Confooxars.Shared\Confooxars.Shared.projitems*{634cf086-0e5b-4711-a4a7-eb79ff3f8bdc}*SharedItemsImports = 4
		Confooxars\Confooxars.Shared\Confooxars.Shared.projitems*{6d67dca7-94ac-435f-ae3c-de02535b0503}*SharedItemsImports = 5
		Confooxars\Confooxars.Shared\Confooxars.Shared.projitems*{7c9d9602-f8bc-46ef-a60d-2144af5e8cf0}*SharedItemsImports = 4
		Confooxars\Confooxars.Shared\Confooxars.Shared.projitems*{d16b59b7-1cf5-43f4-99fd-0c8ae6e31c5d}*SharedItemsImports = 5
		Confooxars\Confooxars.Shared\Confooxars.Shared.projitems*{e793e8fa-7a36-47a3-8c21-dcedb5035a74}*SharedItemsImports = 5
	EndGlobalSection
EndGlobal
